PODS:
  - Expecta (1.0.6)
  - OCMock (3.4.1)
  - RxCocoa (4.1.2):
    - RxSwift (~> 4.0)
  - RxSwift (4.1.2)
  - Specta (1.0.7)
  - SVProgressHUD (2.2.5)
  - SwiftyBeaver (1.5.2)
  - SWTableViewCell (0.3.7)

DEPENDENCIES:
  - Expecta (= 1.0.6)
  - OCMock (= 3.4.1)
  - RxCocoa (= 4.1.2)
  - RxSwift (= 4.1.2)
  - Specta (= 1.0.7)
  - SVProgressHUD (= 2.2.5)
  - SwiftyBeaver (= 1.5.2)
  - SWTableViewCell (= 0.3.7)

SPEC REPOS:
  https://github.com/cocoapods/specs.git:
    - Expecta
    - OCMock
    - RxCocoa
    - RxSwift
    - Specta
    - SVProgressHUD
    - SwiftyBeaver
    - SWTableViewCell

SPEC CHECKSUMS:
  Expecta: 3b6bd90a64b9a1dcb0b70aa0e10a7f8f631667d5
  OCMock: 2cd0716969bab32a2283ff3a46fd26a8c8b4c5e3
  RxCocoa: d88ba0f1f6abf040011a9eb4b539324fc426843a
  RxSwift: e49536837d9901277638493ea537394d4b55f570
  Specta: 3e1bd89c3517421982dc4d1c992503e48bd5fe66
  SVProgressHUD: 1428aafac632c1f86f62aa4243ec12008d7a51d6
  SwiftyBeaver: 85daaaa2b3ae6e31b7b55c99430e8b91dac088af
  SWTableViewCell: 2a94aadc9d47b2b611fa064566bf57948b95b579

PODFILE CHECKSUM: 4b80d58289ba5d9116f40b80ba40cdc4b728b05e

COCOAPODS: 1.5.3
